
Microsoft Visual Studio Solution File, Format Version 12.00
# Visual Studio Version 17
VisualStudioVersion = 17.11.35312.102
MinimumVisualStudioVersion = 10.0.40219.1
Project("{9A19103F-16F7-4668-BE54-9A1E7A4F7556}") = "BCarAuctionManagementSystem", "BCarAuctionManagementSystem.csproj", "{2B0D2D86-EBBE-4105-8DF0-B2217D646A1B}"
EndProject
Project("{9A19103F-16F7-4668-BE54-9A1E7A4F7556}") = "BCarAuctionManagementSystem.Tests", "..\BCarAuctionManagementSystem.Tests\BCarAuctionManagementSystem.Tests.csproj", "{09546337-C705-4F6A-8BFF-4FE21D8E1B8B}"
EndProject
Global
	GlobalSection(SolutionConfigurationPlatforms) = preSolution
		Debug|Any CPU = Debug|Any CPU
		Release|Any CPU = Release|Any CPU
	EndGlobalSection
	GlobalSection(ProjectConfigurationPlatforms) = postSolution
		{2B0D2D86-EBBE-4105-8DF0-B2217D646A1B}.Debug|Any CPU.ActiveCfg = Debug|Any CPU
		{2B0D2D86-EBBE-4105-8DF0-B2217D646A1B}.Debug|Any CPU.Build.0 = Debug|Any CPU
		{2B0D2D86-EBBE-4105-8DF0-B2217D646A1B}.Release|Any CPU.ActiveCfg = Release|Any CPU
		{2B0D2D86-EBBE-4105-8DF0-B2217D646A1B}.Release|Any CPU.Build.0 = Release|Any CPU
		{09546337-C705-4F6A-8BFF-4FE21D8E1B8B}.Debug|Any CPU.ActiveCfg = Debug|Any CPU
		{09546337-C705-4F6A-8BFF-4FE21D8E1B8B}.Debug|Any CPU.Build.0 = Debug|Any CPU
		{09546337-C705-4F6A-8BFF-4FE21D8E1B8B}.Release|Any CPU.ActiveCfg = Release|Any CPU
		{09546337-C705-4F6A-8BFF-4FE21D8E1B8B}.Release|Any CPU.Build.0 = Release|Any CPU
	EndGlobalSection
	GlobalSection(SolutionProperties) = preSolution
		HideSolutionNode = FALSE
	EndGlobalSection
	GlobalSection(ExtensibilityGlobals) = postSolution
		SolutionGuid = {134CE2D8-717D-47DC-90E9-C334A6458AE6}
	EndGlobalSection
EndGlobal
